// !$*UTF8*$!
{
	archiveVersion = 1;
	classes = {
	};
	objectVersion = 48;
	objects = {

/* Begin PBXBuildFile section */
		9BFB6B462033696F00DF5E97 /* main.swift in Sources */ = {isa = PBXBuildFile; fileRef = 9BFB6B452033696F00DF5E97 /* main.swift */; };
		9BFB6B50203369C300DF5E97 /* Customer.swift in Sources */ = {isa = PBXBuildFile; fileRef = 9BFB6B4F203369C300DF5E97 /* Customer.swift */; };
		9BFB6B52203369CD00DF5E97 /* User.swift in Sources */ = {isa = PBXBuildFile; fileRef = 9BFB6B51203369CD00DF5E97 /* User.swift */; };
		9BFB6B54203369DD00DF5E97 /* Administrator.swift in Sources */ = {isa = PBXBuildFile; fileRef = 9BFB6B53203369DD00DF5E97 /* Administrator.swift */; };
		9BFB6B56203369F500DF5E97 /* Order.swift in Sources */ = {isa = PBXBuildFile; fileRef = 9BFB6B55203369F500DF5E97 /* Order.swift */; };
		9BFB6B5820336A0800DF5E97 /* ShoppingCart.swift in Sources */ = {isa = PBXBuildFile; fileRef = 9BFB6B5720336A0800DF5E97 /* ShoppingCart.swift */; };
		9BFB6B5A20336A1800DF5E97 /* ShippingInfo.swift in Sources */ = {isa = PBXBuildFile; fileRef = 9BFB6B5920336A1800DF5E97 /* ShippingInfo.swift */; };
		9BFB6B5C20336A3800DF5E97 /* OrderDetail.swift in Sources */ = {isa = PBXBuildFile; fileRef = 9BFB6B5B20336A3800DF5E97 /* OrderDetail.swift */; };
		9BFB6B5E20336B1300DF5E97 /* CustomProtocol.swift in Sources */ = {isa = PBXBuildFile; fileRef = 9BFB6B5D20336B1300DF5E97 /* CustomProtocol.swift */; };
/* End PBXBuildFile section */

/* Begin PBXCopyFilesBuildPhase section */
		9BFB6B402033696F00DF5E97 /* CopyFiles */ = {
			isa = PBXCopyFilesBuildPhase;
			buildActionMask = 2147483647;
			dstPath = /usr/share/man/man1/;
			dstSubfolderSpec = 0;
			files = (
			);
			runOnlyForDeploymentPostprocessing = 1;
		};
/* End PBXCopyFilesBuildPhase section */

/* Begin PBXFileReference section */
		9BFB6B422033696F00DF5E97 /* FinalProject */ = {isa = PBXFileReference; explicitFileType = "compiled.mach-o.executable"; includeInIndex = 0; path = FinalProject; sourceTree = BUILT_PRODUCTS_DIR; };
		9BFB6B452033696F00DF5E97 /* main.swift */ = {isa = PBXFileReference; lastKnownFileType = sourcecode.swift; path = main.swift; sourceTree = "<group>"; };
		9BFB6B4F203369C300DF5E97 /* Customer.swift */ = {isa = PBXFileReference; lastKnownFileType = sourcecode.swift; path = Customer.swift; sourceTree = "<group>"; };
		9BFB6B51203369CD00DF5E97 /* User.swift */ = {isa = PBXFileReference; lastKnownFileType = sourcecode.swift; path = User.swift; sourceTree = "<group>"; };
		9BFB6B53203369DD00DF5E97 /* Administrator.swift */ = {isa = PBXFileReference; lastKnownFileType = sourcecode.swift; path = Administrator.swift; sourceTree = "<group>"; };
		9BFB6B55203369F500DF5E97 /* Order.swift */ = {isa = PBXFileReference; lastKnownFileType = sourcecode.swift; path = Order.swift; sourceTree = "<group>"; };
		9BFB6B5720336A0800DF5E97 /* ShoppingCart.swift */ = {isa = PBXFileReference; lastKnownFileType = sourcecode.swift; path = ShoppingCart.swift; sourceTree = "<group>"; };
		9BFB6B5920336A1800DF5E97 /* ShippingInfo.swift */ = {isa = PBXFileReference; lastKnownFileType = sourcecode.swift; path = ShippingInfo.swift; sourceTree = "<group>"; };
		9BFB6B5B20336A3800DF5E97 /* OrderDetail.swift */ = {isa = PBXFileReference; lastKnownFileType = sourcecode.swift; path = OrderDetail.swift; sourceTree = "<group>"; };
		9BFB6B5D20336B1300DF5E97 /* CustomProtocol.swift */ = {isa = PBXFileReference; lastKnownFileType = sourcecode.swift; path = CustomProtocol.swift; sourceTree = "<group>"; };
/* End PBXFileReference section */

/* Begin PBXFrameworksBuildPhase section */
		9BFB6B3F2033696F00DF5E97 /* Frameworks */ = {
			isa = PBXFrameworksBuildPhase;
			buildActionMask = 2147483647;
			files = (
			);
			runOnlyForDeploymentPostprocessing = 0;
		};
/* End PBXFrameworksBuildPhase section */

/* Begin PBXGroup section */
		9BFB6B392033696E00DF5E97 = {
			isa = PBXGroup;
			children = (
				9BFB6B442033696F00DF5E97 /* FinalProject */,
				9BFB6B432033696F00DF5E97 /* Products */,
			);
			sourceTree = "<group>";
		};
		9BFB6B432033696F00DF5E97 /* Products */ = {
			isa = PBXGroup;
			children = (
				9BFB6B422033696F00DF5E97 /* FinalProject */,
			);
			name = Products;
			sourceTree = "<group>";
		};
		9BFB6B442033696F00DF5E97 /* FinalProject */ = {
			isa = PBXGroup;
			children = (
				9BFB6B452033696F00DF5E97 /* main.swift */,
				9BFB6B4D2033699C00DF5E97 /* Customer */,
				9BFB6B4C2033699000DF5E97 /* Order */,
				9BFB6B4E203369A500DF5E97 /* Protocol */,
			);
			path = FinalProject;
			sourceTree = "<group>";
		};
		9BFB6B4C2033699000DF5E97 /* Order */ = {
			isa = PBXGroup;
			children = (
				9BFB6B55203369F500DF5E97 /* Order.swift */,
				9BFB6B5720336A0800DF5E97 /* ShoppingCart.swift */,
				9BFB6B5920336A1800DF5E97 /* ShippingInfo.swift */,
				9BFB6B5B20336A3800DF5E97 /* OrderDetail.swift */,
			);
			path = Order;
			sourceTree = "<group>";
		};
		9BFB6B4D2033699C00DF5E97 /* Customer */ = {
			isa = PBXGroup;
			children = (
				9BFB6B4F203369C300DF5E97 /* Customer.swift */,
				9BFB6B51203369CD00DF5E97 /* User.swift */,
				9BFB6B53203369DD00DF5E97 /* Administrator.swift */,
			);
			path = Customer;
			sourceTree = "<group>";
		};
		9BFB6B4E203369A500DF5E97 /* Protocol */ = {
			isa = PBXGroup;
			children = (
				9BFB6B5D20336B1300DF5E97 /* CustomProtocol.swift */,
			);
			path = Protocol;
			sourceTree = "<group>";
		};
/* End PBXGroup section */

/* Begin PBXNativeTarget section */
		9BFB6B412033696F00DF5E97 /* FinalProject */ = {
			isa = PBXNativeTarget;
			buildConfigurationList = 9BFB6B492033696F00DF5E97 /* Build configuration list for PBXNativeTarget "FinalProject" */;
			buildPhases = (
				9BFB6B3E2033696F00DF5E97 /* Sources */,
				9BFB6B3F2033696F00DF5E97 /* Frameworks */,
				9BFB6B402033696F00DF5E97 /* CopyFiles */,
			);
			buildRules = (
			);
			dependencies = (
			);
			name = FinalProject;
			productName = FinalProject;
			productReference = 9BFB6B422033696F00DF5E97 /* FinalProject */;
			productType = "com.apple.product-type.tool";
		};
/* End PBXNativeTarget section */

/* Begin PBXProject section */
		9BFB6B3A2033696E00DF5E97 /* Project object */ = {
			isa = PBXProject;
			attributes = {
				LastSwiftUpdateCheck = 0920;
				LastUpgradeCheck = 0920;
				ORGANIZATIONNAME = MacStudent;
				TargetAttributes = {
					9BFB6B412033696F00DF5E97 = {
						CreatedOnToolsVersion = 9.2;
						ProvisioningStyle = Automatic;
					};
				};
			};
			buildConfigurationList = 9BFB6B3D2033696E00DF5E97 /* Build configuration list for PBXProject "FinalProject" */;
			compatibilityVersion = "Xcode 8.0";
			developmentRegion = en;
			hasScannedForEncodings = 0;
			knownRegions = (
				en,
			);
			mainGroup = 9BFB6B392033696E00DF5E97;
			productRefGroup = 9BFB6B432033696F00DF5E97 /* Products */;
			projectDirPath = "";
			projectRoot = "";
			targets = (
				9BFB6B412033696F00DF5E97 /* FinalProject */,
			);
		};
/* End PBXProject section */

/* Begin PBXSourcesBuildPhase section */
		9BFB6B3E2033696F00DF5E97 /* Sources */ = {
			isa = PBXSourcesBuildPhase;
			buildActionMask = 2147483647;
			files = (
				9BFB6B462033696F00DF5E97 /* main.swift in Sources */,
				9BFB6B5A20336A1800DF5E97 /* ShippingInfo.swift in Sources */,
				9BFB6B5820336A0800DF5E97 /* ShoppingCart.swift in Sources */,
				9BFB6B5C20336A3800DF5E97 /* OrderDetail.swift in Sources */,
				9BFB6B5E20336B1300DF5E97 /* CustomProtocol.swift in Sources */,
				9BFB6B50203369C300DF5E97 /* Customer.swift in Sources */,
				9BFB6B56203369F500DF5E97 /* Order.swift in Sources */,
				9BFB6B52203369CD00DF5E97 /* User.swift in Sources */,
				9BFB6B54203369DD00DF5E97 /* Administrator.swift in Sources */,
			);
			runOnlyForDeploymentPostprocessing = 0;
		};
/* End PBXSourcesBuildPhase section */

/* Begin XCBuildConfiguration section */
		9BFB6B472033696F00DF5E97 /* Debug */ = {
			isa = XCBuildConfiguration;
			buildSettings = {
				ALWAYS_SEARCH_USER_PATHS = NO;
				CLANG_ANALYZER_NONNULL = YES;
				CLANG_ANALYZER_NUMBER_OBJECT_CONVERSION = YES_AGGRESSIVE;
				CLANG_CXX_LANGUAGE_STANDARD = "gnu++14";
				CLANG_CXX_LIBRARY = "libc++";
				CLANG_ENABLE_MODULES = YES;
				CLANG_ENABLE_OBJC_ARC = YES;
				CLANG_WARN_BLOCK_CAPTURE_AUTORELEASING = YES;
				CLANG_WARN_BOOL_CONVERSION = YES;
				CLANG_WARN_COMMA = YES;
				CLANG_WARN_CONSTANT_CONVERSION = YES;
				CLANG_WARN_DIRECT_OBJC_ISA_USAGE = YES_ERROR;
				CLANG_WARN_DOCUMENTATION_COMMENTS = YES;
				CLANG_WARN_EMPTY_BODY = YES;
				CLANG_WARN_ENUM_CONVERSION = YES;
				CLANG_WARN_INFINITE_RECURSION = YES;
				CLANG_WARN_INT_CONVERSION = YES;
				CLANG_WARN_NON_LITERAL_NULL_CONVERSION = YES;
				CLANG_WARN_OBJC_LITERAL_CONVERSION = YES;
				CLANG_WARN_OBJC_ROOT_CLASS = YES_ERROR;
				CLANG_WARN_RANGE_LOOP_ANALYSIS = YES;
				CLANG_WARN_STRICT_PROTOTYPES = YES;
				CLANG_WARN_SUSPICIOUS_MOVE = YES;
				CLANG_WARN_UNGUARDED_AVAILABILITY = YES_AGGRESSIVE;
				CLANG_WARN_UNREACHABLE_CODE = YES;
				CLANG_WARN__DUPLICATE_METHOD_MATCH = YES;
				CODE_SIGN_IDENTITY = "-";
				COPY_PHASE_STRIP = NO;
				DEBUG_INFORMATION_FORMAT = dwarf;
				ENABLE_STRICT_OBJC_MSGSEND = YES;
				ENABLE_TESTABILITY = YES;
				GCC_C_LANGUAGE_STANDARD = gnu11;
				GCC_DYNAMIC_NO_PIC = NO;
				GCC_NO_COMMON_BLOCKS = YES;
				GCC_OPTIMIZATION_LEVEL = 0;
				GCC_PREPROCESSOR_DEFINITIONS = (
					"DEBUG=1",
					"$(inherited)",
				);
				GCC_WARN_64_TO_32_BIT_CONVERSION = YES;
				GCC_WARN_ABOUT_RETURN_TYPE = YES_ERROR;
				GCC_WARN_UNDECLARED_SELECTOR = YES;
				GCC_WARN_UNINITIALIZED_AUTOS = YES_AGGRESSIVE;
				GCC_WARN_UNUSED_FUNCTION = YES;
				GCC_WARN_UNUSED_VARIABLE = YES;
				MACOSX_DEPLOYMENT_TARGET = 10.13;
				MTL_ENABLE_DEBUG_INFO = YES;
				ONLY_ACTIVE_ARCH = YES;
				SDKROOT = macosx;
				SWIFT_ACTIVE_COMPILATION_CONDITIONS = DEBUG;
				SWIFT_OPTIMIZATION_LEVEL = "-Onone";
			};
			name = Debug;
		};
		9BFB6B482033696F00DF5E97 /* Release */ = {
			isa = XCBuildConfiguration;
			buildSettings = {
				ALWAYS_SEARCH_USER_PATHS = NO;
				CLANG_ANALYZER_NONNULL = YES;
				CLANG_ANALYZER_NUMBER_OBJECT_CONVERSION = YES_AGGRESSIVE;
				CLANG_CXX_LANGUAGE_STANDARD = "gnu++14";
				CLANG_CXX_LIBRARY = "libc++";
				CLANG_ENABLE_MODULES = YES;
				CLANG_ENABLE_OBJC_ARC = YES;
				CLANG_WARN_BLOCK_CAPTURE_AUTORELEASING = YES;
				CLANG_WARN_BOOL_CONVERSION = YES;
				CLANG_WARN_COMMA = YES;
				CLANG_WARN_CONSTANT_CONVERSION = YES;
				CLANG_WARN_DIRECT_OBJC_ISA_USAGE = YES_ERROR;
				CLANG_WARN_DOCUMENTATION_COMMENTS = YES;
				CLANG_WARN_EMPTY_BODY = YES;
				CLANG_WARN_ENUM_CONVERSION = YES;
				CLANG_WARN_INFINITE_RECURSION = YES;
				CLANG_WARN_INT_CONVERSION = YES;
				CLANG_WARN_NON_LITERAL_NULL_CONVERSION = YES;
				CLANG_WARN_OBJC_LITERAL_CONVERSION = YES;
				CLANG_WARN_OBJC_ROOT_CLASS = YES_ERROR;
				CLANG_WARN_RANGE_LOOP_ANALYSIS = YES;
				CLANG_WARN_STRICT_PROTOTYPES = YES;
				CLANG_WARN_SUSPICIOUS_MOVE = YES;
				CLANG_WARN_UNGUARDED_AVAILABILITY = YES_AGGRESSIVE;
				CLANG_WARN_UNREACHABLE_CODE = YES;
				CLANG_WARN__DUPLICATE_METHOD_MATCH = YES;
				CODE_SIGN_IDENTITY = "-";
				COPY_PHASE_STRIP = NO;
				DEBUG_INFORMATION_FORMAT = "dwarf-with-dsym";
				ENABLE_NS_ASSERTIONS = NO;
				ENABLE_STRICT_OBJC_MSGSEND = YES;
				GCC_C_LANGUAGE_STANDARD = gnu11;
				GCC_NO_COMMON_BLOCKS = YES;
				GCC_WARN_64_TO_32_BIT_CONVERSION = YES;
				GCC_WARN_ABOUT_RETURN_TYPE = YES_ERROR;
				GCC_WARN_UNDECLARED_SELECTOR = YES;
				GCC_WARN_UNINITIALIZED_AUTOS = YES_AGGRESSIVE;
				GCC_WARN_UNUSED_FUNCTION = YES;
				GCC_WARN_UNUSED_VARIABLE = YES;
				MACOSX_DEPLOYMENT_TARGET = 10.13;
				MTL_ENABLE_DEBUG_INFO = NO;
				SDKROOT = macosx;
				SWIFT_OPTIMIZATION_LEVEL = "-Owholemodule";
			};
			name = Release;
		};
		9BFB6B4A2033696F00DF5E97 /* Debug */ = {
			isa = XCBuildConfiguration;
			buildSettings = {
				CODE_SIGN_STYLE = Automatic;
				PRODUCT_NAME = "$(TARGET_NAME)";
				SWIFT_VERSION = 4.0;
			};
			name = Debug;
		};
		9BFB6B4B2033696F00DF5E97 /* Release */ = {
			isa = XCBuildConfiguration;
			buildSettings = {
				CODE_SIGN_STYLE = Automatic;
				PRODUCT_NAME = "$(TARGET_NAME)";
				SWIFT_VERSION = 4.0;
			};
			name = Release;
		};
/* End XCBuildConfiguration section */

/* Begin XCConfigurationList section */
		9BFB6B3D2033696E00DF5E97 /* Build configuration list for PBXProject "FinalProject" */ = {
			isa = XCConfigurationList;
			buildConfigurations = (
				9BFB6B472033696F00DF5E97 /* Debug */,
				9BFB6B482033696F00DF5E97 /* Release */,
			);
			defaultConfigurationIsVisible = 0;
			defaultConfigurationName = Release;
		};
		9BFB6B492033696F00DF5E97 /* Build configuration list for PBXNativeTarget "FinalProject" */ = {
			isa = XCConfigurationList;
			buildConfigurations = (
				9BFB6B4A2033696F00DF5E97 /* Debug */,
				9BFB6B4B2033696F00DF5E97 /* Release */,
			);
			defaultConfigurationIsVisible = 0;
			defaultConfigurationName = Release;
		};
/* End XCConfigurationList section */
	};
	rootObject = 9BFB6B3A2033696E00DF5E97 /* Project object */;
}
